
Microsoft Visual Studio Solution File, Format Version 11.00
# Visual Studio 2010
Project("{FAE04EC0-301F-11D3-BF4B-00C04F79EFBC}") = "QRCodeScan", "Assembly-CSharp.csproj", "{DC2EEF79-AE69-9EEE-7A59-321F1A7C4011}"
EndProject
Project("{FAE04EC0-301F-11D3-BF4B-00C04F79EFBC}") = "QRCodeScan", "Assembly-CSharp-Editor.csproj", "{804C5ECC-8E47-9728-A997-953903570801}"
EndProject
Global
	GlobalSection(SolutionConfigurationPlatforms) = preSolution
		Debug|Any CPU = Debug|Any CPU
		Release|Any CPU = Release|Any CPU
	EndGlobalSection
	GlobalSection(ProjectConfigurationPlatforms) = postSolution
		{DC2EEF79-AE69-9EEE-7A59-321F1A7C4011}.Debug|Any CPU.ActiveCfg = Debug|Any CPU
		{DC2EEF79-AE69-9EEE-7A59-321F1A7C4011}.Debug|Any CPU.Build.0 = Debug|Any CPU
		{DC2EEF79-AE69-9EEE-7A59-321F1A7C4011}.Release|Any CPU.ActiveCfg = Release|Any CPU
		{DC2EEF79-AE69-9EEE-7A59-321F1A7C4011}.Release|Any CPU.Build.0 = Release|Any CPU
		{804C5ECC-8E47-9728-A997-953903570801}.Debug|Any CPU.ActiveCfg = Debug|Any CPU
		{804C5ECC-8E47-9728-A997-953903570801}.Debug|Any CPU.Build.0 = Debug|Any CPU
		{804C5ECC-8E47-9728-A997-953903570801}.Release|Any CPU.ActiveCfg = Release|Any CPU
		{804C5ECC-8E47-9728-A997-953903570801}.Release|Any CPU.Build.0 = Release|Any CPU
	EndGlobalSection
	GlobalSection(SolutionProperties) = preSolution
		HideSolutionNode = FALSE
	EndGlobalSection
	GlobalSection(MonoDevelopProperties) = preSolution
		StartupItem = Assembly-CSharp.csproj
	EndGlobalSection
EndGlobal
